
Microsoft Visual Studio Solution File, Format Version 12.00
# Visual Studio 15
VisualStudioVersion = 15.0.27130.2036
MinimumVisualStudioVersion = 10.0.40219.1
Project("{2150E333-8FDC-42A3-9474-1A3956D46DE8}") = "Libraries", "Libraries", "{5EC7FF92-5D05-4941-8192-DA14617F1D3B}"
EndProject
Project("{FAE04EC0-301F-11D3-BF4B-00C04F79EFBC}") = "Talent.Data", "Talent.Data\Talent.Data.csproj", "{F1B89A88-3860-4BAA-B9E6-A7D284376102}"
EndProject
Project("{FAE04EC0-301F-11D3-BF4B-00C04F79EFBC}") = "Talent.Service", "Talent.Service\Talent.Service.csproj", "{AFD4BCD0-8402-4AD6-BE1F-A5AEE99DA142}"
	ProjectSection(ProjectDependencies) = postProject
		{E97765B4-E3A3-4D0F-83BA-D86979D08590} = {E97765B4-E3A3-4D0F-83BA-D86979D08590}
	EndProjectSection
EndProject
Project("{FAE04EC0-301F-11D3-BF4B-00C04F79EFBC}") = "Talent.WebApp", "Talent.WebApp\Talent.WebApp.csproj", "{20C9D782-C9DF-45A0-82C3-22F32E2D90EC}"
EndProject
Project("{FAE04EC0-301F-11D3-BF4B-00C04F79EFBC}") = "Talent.Core", "Talent.Core\Talent.Core.csproj", "{E97765B4-E3A3-4D0F-83BA-D86979D08590}"
EndProject
Project("{FAE04EC0-301F-11D3-BF4B-00C04F79EFBC}") = "Talent.Diagnostics", "Talent.Diagnostics\Talent.Diagnostics.csproj", "{C1273B72-6E86-467C-AB88-83A675B70131}"
EndProject
Global
	GlobalSection(SolutionConfigurationPlatforms) = preSolution
		Debug|Any CPU = Debug|Any CPU
		Release|Any CPU = Release|Any CPU
	EndGlobalSection
	GlobalSection(ProjectConfigurationPlatforms) = postSolution
		{F1B89A88-3860-4BAA-B9E6-A7D284376102}.Debug|Any CPU.ActiveCfg = Debug|Any CPU
		{F1B89A88-3860-4BAA-B9E6-A7D284376102}.Debug|Any CPU.Build.0 = Debug|Any CPU
		{F1B89A88-3860-4BAA-B9E6-A7D284376102}.Release|Any CPU.ActiveCfg = Release|Any CPU
		{F1B89A88-3860-4BAA-B9E6-A7D284376102}.Release|Any CPU.Build.0 = Release|Any CPU
		{AFD4BCD0-8402-4AD6-BE1F-A5AEE99DA142}.Debug|Any CPU.ActiveCfg = Debug|Any CPU
		{AFD4BCD0-8402-4AD6-BE1F-A5AEE99DA142}.Debug|Any CPU.Build.0 = Debug|Any CPU
		{AFD4BCD0-8402-4AD6-BE1F-A5AEE99DA142}.Release|Any CPU.ActiveCfg = Release|Any CPU
		{AFD4BCD0-8402-4AD6-BE1F-A5AEE99DA142}.Release|Any CPU.Build.0 = Release|Any CPU
		{20C9D782-C9DF-45A0-82C3-22F32E2D90EC}.Debug|Any CPU.ActiveCfg = Debug|Any CPU
		{20C9D782-C9DF-45A0-82C3-22F32E2D90EC}.Debug|Any CPU.Build.0 = Debug|Any CPU
		{20C9D782-C9DF-45A0-82C3-22F32E2D90EC}.Release|Any CPU.ActiveCfg = Release|Any CPU
		{20C9D782-C9DF-45A0-82C3-22F32E2D90EC}.Release|Any CPU.Build.0 = Release|Any CPU
		{E97765B4-E3A3-4D0F-83BA-D86979D08590}.Debug|Any CPU.ActiveCfg = Debug|Any CPU
		{E97765B4-E3A3-4D0F-83BA-D86979D08590}.Debug|Any CPU.Build.0 = Debug|Any CPU
		{E97765B4-E3A3-4D0F-83BA-D86979D08590}.Release|Any CPU.ActiveCfg = Release|Any CPU
		{E97765B4-E3A3-4D0F-83BA-D86979D08590}.Release|Any CPU.Build.0 = Release|Any CPU
		{C1273B72-6E86-467C-AB88-83A675B70131}.Debug|Any CPU.ActiveCfg = Debug|Any CPU
		{C1273B72-6E86-467C-AB88-83A675B70131}.Debug|Any CPU.Build.0 = Debug|Any CPU
		{C1273B72-6E86-467C-AB88-83A675B70131}.Release|Any CPU.ActiveCfg = Release|Any CPU
		{C1273B72-6E86-467C-AB88-83A675B70131}.Release|Any CPU.Build.0 = Release|Any CPU
	EndGlobalSection
	GlobalSection(SolutionProperties) = preSolution
		HideSolutionNode = FALSE
	EndGlobalSection
	GlobalSection(NestedProjects) = preSolution
		{E97765B4-E3A3-4D0F-83BA-D86979D08590} = {5EC7FF92-5D05-4941-8192-DA14617F1D3B}
		{C1273B72-6E86-467C-AB88-83A675B70131} = {5EC7FF92-5D05-4941-8192-DA14617F1D3B}
	EndGlobalSection
	GlobalSection(ExtensibilityGlobals) = postSolution
		SolutionGuid = {AC4F182D-967D-4EEA-96DA-EB9C106F5649}
	EndGlobalSection
	GlobalSection(TeamFoundationVersionControl) = preSolution
		SccNumberOfProjects = 6
		SccEnterpriseProvider = {4CA58AB2-18FA-4F8D-95D4-32DDF27D184C}
		SccTeamFoundationServer = http://dev.mvp.studio:8080/tfs/mvpstudiocollection
		SccLocalPath0 = .
		SccProjectUniqueName1 = Talent.Core\\Talent.Core.csproj
		SccProjectTopLevelParentUniqueName1 = Talent.sln
		SccProjectName1 = Talent.Core
		SccLocalPath1 = Talent.Core
		SccProjectUniqueName2 = Talent.Data\\Talent.Data.csproj
		SccProjectName2 = Talent.Data
		SccLocalPath2 = Talent.Data
		SccProjectUniqueName3 = Talent.Diagnostics\\Talent.Diagnostics.csproj
		SccProjectTopLevelParentUniqueName3 = Talent.sln
		SccProjectName3 = Talent.Diagnostics
		SccLocalPath3 = Talent.Diagnostics
		SccProjectUniqueName4 = Talent.Service\\Talent.Service.csproj
		SccProjectName4 = Talent.Service
		SccLocalPath4 = Talent.Service
		SccProjectUniqueName5 = Talent.WebApp\\Talent.WebApp.csproj
		SccProjectName5 = Talent.WebApp
		SccLocalPath5 = Talent.WebApp
	EndGlobalSection
EndGlobal
